
Microsoft Visual Studio Solution File, Format Version 12.00
# Visual Studio 14
VisualStudioVersion = 14.0.25123.0
MinimumVisualStudioVersion = 10.0.40219.1
Project("{FAE04EC0-301F-11D3-BF4B-00C04F79EFBC}") = "Beep sound", "Beep sound\Beep sound.csproj", "{203265AD-99CF-4E9E-9420-2065623B2997}"
EndProject
Global
	GlobalSection(SolutionConfigurationPlatforms) = preSolution
		Debug|Any CPU = Debug|Any CPU
		Release|Any CPU = Release|Any CPU
	EndGlobalSection
	GlobalSection(ProjectConfigurationPlatforms) = postSolution
		{203265AD-99CF-4E9E-9420-2065623B2997}.Debug|Any CPU.ActiveCfg = Debug|Any CPU
		{203265AD-99CF-4E9E-9420-2065623B2997}.Debug|Any CPU.Build.0 = Debug|Any CPU
		{203265AD-99CF-4E9E-9420-2065623B2997}.Release|Any CPU.ActiveCfg = Release|Any CPU
		{203265AD-99CF-4E9E-9420-2065623B2997}.Release|Any CPU.Build.0 = Release|Any CPU
	EndGlobalSection
	GlobalSection(SolutionProperties) = preSolution
		HideSolutionNode = FALSE
	EndGlobalSection
EndGlobal
