
Microsoft Visual Studio Solution File, Format Version 12.00
# Visual Studio 14
VisualStudioVersion = 14.0.25123.0
MinimumVisualStudioVersion = 10.0.40219.1
Project("{FAE04EC0-301F-11D3-BF4B-00C04F79EFBC}") = "Is operator", "Is operator\Is operator.csproj", "{D168C3E1-E695-45E5-9C7C-23651D78B9CF}"
EndProject
Project("{FAE04EC0-301F-11D3-BF4B-00C04F79EFBC}") = "LeftShiftAsignment", "LeftShiftAsignment\LeftShiftAsignment.csproj", "{D5FC417D-0827-4DC2-892F-C20B9B8CBC46}"
EndProject
Project("{FAE04EC0-301F-11D3-BF4B-00C04F79EFBC}") = "OR bits", "OR bits\OR bits.csproj", "{7E018BAE-87B1-4293-A729-47E97CBA1944}"
EndProject
Project("{FAE04EC0-301F-11D3-BF4B-00C04F79EFBC}") = "SIze of", "SIze of\SIze of.csproj", "{7CF0042C-5745-4256-828C-0BE52DFDA080}"
EndProject
Global
	GlobalSection(SolutionConfigurationPlatforms) = preSolution
		Debug|Any CPU = Debug|Any CPU
		Release|Any CPU = Release|Any CPU
	EndGlobalSection
	GlobalSection(ProjectConfigurationPlatforms) = postSolution
		{D168C3E1-E695-45E5-9C7C-23651D78B9CF}.Debug|Any CPU.ActiveCfg = Debug|Any CPU
		{D168C3E1-E695-45E5-9C7C-23651D78B9CF}.Debug|Any CPU.Build.0 = Debug|Any CPU
		{D168C3E1-E695-45E5-9C7C-23651D78B9CF}.Release|Any CPU.ActiveCfg = Release|Any CPU
		{D168C3E1-E695-45E5-9C7C-23651D78B9CF}.Release|Any CPU.Build.0 = Release|Any CPU
		{D5FC417D-0827-4DC2-892F-C20B9B8CBC46}.Debug|Any CPU.ActiveCfg = Debug|Any CPU
		{D5FC417D-0827-4DC2-892F-C20B9B8CBC46}.Debug|Any CPU.Build.0 = Debug|Any CPU
		{D5FC417D-0827-4DC2-892F-C20B9B8CBC46}.Release|Any CPU.ActiveCfg = Release|Any CPU
		{D5FC417D-0827-4DC2-892F-C20B9B8CBC46}.Release|Any CPU.Build.0 = Release|Any CPU
		{7E018BAE-87B1-4293-A729-47E97CBA1944}.Debug|Any CPU.ActiveCfg = Debug|Any CPU
		{7E018BAE-87B1-4293-A729-47E97CBA1944}.Debug|Any CPU.Build.0 = Debug|Any CPU
		{7E018BAE-87B1-4293-A729-47E97CBA1944}.Release|Any CPU.ActiveCfg = Release|Any CPU
		{7E018BAE-87B1-4293-A729-47E97CBA1944}.Release|Any CPU.Build.0 = Release|Any CPU
		{7CF0042C-5745-4256-828C-0BE52DFDA080}.Debug|Any CPU.ActiveCfg = Debug|Any CPU
		{7CF0042C-5745-4256-828C-0BE52DFDA080}.Debug|Any CPU.Build.0 = Debug|Any CPU
		{7CF0042C-5745-4256-828C-0BE52DFDA080}.Release|Any CPU.ActiveCfg = Release|Any CPU
		{7CF0042C-5745-4256-828C-0BE52DFDA080}.Release|Any CPU.Build.0 = Release|Any CPU
	EndGlobalSection
	GlobalSection(SolutionProperties) = preSolution
		HideSolutionNode = FALSE
	EndGlobalSection
EndGlobal
